# This file is automatically @generated by Poetry 1.8.2 and should not be changed by hand.

[[package]]
name = "componentize-py"
version = "0.13.5"
description = "Tool to package Python applications as WebAssembly components"
optional = false
python-versions = "*"
files = [
    {file = "componentize_py-0.13.5-cp37-abi3-macosx_10_12_x86_64.whl", hash = "sha256:1914553c3093a8b16d056f81a7932db0cb874842cb032a2be68f880f9621cec9"},
    {file = "componentize_py-0.13.5-cp37-abi3-macosx_11_0_arm64.whl", hash = "sha256:0cdf5bfb17899e56cb6d27f84495ad3ba10fc2011debcf50c9f0cb4210f2d970"},
    {file = "componentize_py-0.13.5-cp37-abi3-manylinux_2_28_aarch64.whl", hash = "sha256:f7fa9c80a390085db37e03adf90a8b9e04f37e9b083b2a131fe97da057ccdbed"},
    {file = "componentize_py-0.13.5-cp37-abi3-manylinux_2_28_x86_64.whl", hash = "sha256:b3cf7390453ffa8b45d8266ec11b7afa4f16503a6a43014fa5fa2e2d8dd3b76e"},
    {file = "componentize_py-0.13.5-cp37-abi3-win_amd64.whl", hash = "sha256:dbc8ac466d1a1074709d3344c03861507dacabab964b8ff13da59d0d363f166f"},
    {file = "componentize_py-0.13.5.tar.gz", hash = "sha256:1a41d92f3a8ff0f4b20894b9d0b0c0015fe3c77bedba1bf7bafe1257d177688a"},
]

[metadata]
lock-version = "2.0"
python-versions = "^3.12"
content-hash = "dd30b9ee63591d0a34952ddd2d2c35037ae1c37a011900fbdfe7a5246ec108cb"
